// !$*UTF8*$!
{
	archiveVersion = 1;
	classes = {
	};
	objectVersion = 55;
	objects = {

/* Begin PBXBuildFile section */
		3A1122E6287EE4B600E12D19 /* MultipeerTutorialApp.swift in Sources */ = {isa = PBXBuildFile; fileRef = 3A1122E5287EE4B600E12D19 /* MultipeerTutorialApp.swift */; };
		3A1122E8287EE4B600E12D19 /* ContentView.swift in Sources */ = {isa = PBXBuildFile; fileRef = 3A1122E7287EE4B600E12D19 /* ContentView.swift */; };
		3A1122EA287EE4B700E12D19 /* Assets.xcassets in Resources */ = {isa = PBXBuildFile; fileRef = 3A1122E9287EE4B700E12D19 /* Assets.xcassets */; };
		3A1122ED287EE4B700E12D19 /* Preview Assets.xcassets in Resources */ = {isa = PBXBuildFile; fileRef = 3A1122EC287EE4B700E12D19 /* Preview Assets.xcassets */; };
		3A1122EF287EE4B700E12D19 /* Persistence.swift in Sources */ = {isa = PBXBuildFile; fileRef = 3A1122EE287EE4B700E12D19 /* Persistence.swift */; };
		3A1122F2287EE4B700E12D19 /* MultipeerTutorial.xcdatamodeld in Sources */ = {isa = PBXBuildFile; fileRef = 3A1122F0287EE4B700E12D19 /* MultipeerTutorial.xcdatamodeld */; };
		3AB219B0287EFF9E00945A02 /* SessionObserver.swift in Sources */ = {isa = PBXBuildFile; fileRef = 3AB219AF287EFF9E00945A02 /* SessionObserver.swift */; };
		3AF72D422880423900D1F773 /* PresenterView.swift in Sources */ = {isa = PBXBuildFile; fileRef = 3AF72D412880423900D1F773 /* PresenterView.swift */; };
		3AF72D442880424400D1F773 /* ListenerView.swift in Sources */ = {isa = PBXBuildFile; fileRef = 3AF72D432880424400D1F773 /* ListenerView.swift */; };
		3AF72D462880425800D1F773 /* Constants.swift in Sources */ = {isa = PBXBuildFile; fileRef = 3AF72D452880425800D1F773 /* Constants.swift */; };
		3AF72D48288042B800D1F773 /* SessionOpener.swift in Sources */ = {isa = PBXBuildFile; fileRef = 3AF72D47288042B800D1F773 /* SessionOpener.swift */; };
		3AF72D4A288042BE00D1F773 /* SessionListener.swift in Sources */ = {isa = PBXBuildFile; fileRef = 3AF72D49288042BE00D1F773 /* SessionListener.swift */; };
		3AF72D4C288050DF00D1F773 /* ListView.swift in Sources */ = {isa = PBXBuildFile; fileRef = 3AF72D4B288050DF00D1F773 /* ListView.swift */; };
/* End PBXBuildFile section */

/* Begin PBXFileReference section */
		3A1122E2287EE4B600E12D19 /* MultipeerTutorial.app */ = {isa = PBXFileReference; explicitFileType = wrapper.application; includeInIndex = 0; path = MultipeerTutorial.app; sourceTree = BUILT_PRODUCTS_DIR; };
		3A1122E5287EE4B600E12D19 /* MultipeerTutorialApp.swift */ = {isa = PBXFileReference; lastKnownFileType = sourcecode.swift; path = MultipeerTutorialApp.swift; sourceTree = "<group>"; };
		3A1122E7287EE4B600E12D19 /* ContentView.swift */ = {isa = PBXFileReference; lastKnownFileType = sourcecode.swift; path = ContentView.swift; sourceTree = "<group>"; };
		3A1122E9287EE4B700E12D19 /* Assets.xcassets */ = {isa = PBXFileReference; lastKnownFileType = folder.assetcatalog; path = Assets.xcassets; sourceTree = "<group>"; };
		3A1122EC287EE4B700E12D19 /* Preview Assets.xcassets */ = {isa = PBXFileReference; lastKnownFileType = folder.assetcatalog; path = "Preview Assets.xcassets"; sourceTree = "<group>"; };
		3A1122EE287EE4B700E12D19 /* Persistence.swift */ = {isa = PBXFileReference; lastKnownFileType = sourcecode.swift; path = Persistence.swift; sourceTree = "<group>"; };
		3A1122F1287EE4B700E12D19 /* MultipeerTutorial.xcdatamodel */ = {isa = PBXFileReference; lastKnownFileType = wrapper.xcdatamodel; path = MultipeerTutorial.xcdatamodel; sourceTree = "<group>"; };
		3A1122FA287EED5500E12D19 /* Info.plist */ = {isa = PBXFileReference; lastKnownFileType = text.plist; path = Info.plist; sourceTree = "<group>"; };
		3AB219AF287EFF9E00945A02 /* SessionObserver.swift */ = {isa = PBXFileReference; lastKnownFileType = sourcecode.swift; path = SessionObserver.swift; sourceTree = "<group>"; };
		3AF72D412880423900D1F773 /* PresenterView.swift */ = {isa = PBXFileReference; lastKnownFileType = sourcecode.swift; path = PresenterView.swift; sourceTree = "<group>"; };
		3AF72D432880424400D1F773 /* ListenerView.swift */ = {isa = PBXFileReference; lastKnownFileType = sourcecode.swift; path = ListenerView.swift; sourceTree = "<group>"; };
		3AF72D452880425800D1F773 /* Constants.swift */ = {isa = PBXFileReference; lastKnownFileType = sourcecode.swift; path = Constants.swift; sourceTree = "<group>"; };
		3AF72D47288042B800D1F773 /* SessionOpener.swift */ = {isa = PBXFileReference; lastKnownFileType = sourcecode.swift; path = SessionOpener.swift; sourceTree = "<group>"; };
		3AF72D49288042BE00D1F773 /* SessionListener.swift */ = {isa = PBXFileReference; lastKnownFileType = sourcecode.swift; path = SessionListener.swift; sourceTree = "<group>"; };
		3AF72D4B288050DF00D1F773 /* ListView.swift */ = {isa = PBXFileReference; lastKnownFileType = sourcecode.swift; path = ListView.swift; sourceTree = "<group>"; };
/* End PBXFileReference section */

/* Begin PBXFrameworksBuildPhase section */
		3A1122DF287EE4B600E12D19 /* Frameworks */ = {
			isa = PBXFrameworksBuildPhase;
			buildActionMask = 2147483647;
			files = (
			);
			runOnlyForDeploymentPostprocessing = 0;
		};
/* End PBXFrameworksBuildPhase section */

/* Begin PBXGroup section */
		3A1122D9287EE4B600E12D19 = {
			isa = PBXGroup;
			children = (
				3A1122E4287EE4B600E12D19 /* MultipeerTutorial */,
				3A1122E3287EE4B600E12D19 /* Products */,
			);
			sourceTree = "<group>";
		};
		3A1122E3287EE4B600E12D19 /* Products */ = {
			isa = PBXGroup;
			children = (
				3A1122E2287EE4B600E12D19 /* MultipeerTutorial.app */,
			);
			name = Products;
			sourceTree = "<group>";
		};
		3A1122E4287EE4B600E12D19 /* MultipeerTutorial */ = {
			isa = PBXGroup;
			children = (
				3A1122FA287EED5500E12D19 /* Info.plist */,
				3A1122E5287EE4B600E12D19 /* MultipeerTutorialApp.swift */,
				3AF72D4D28806D2200D1F773 /* Model */,
				3AF72D4E28806D4B00D1F773 /* View */,
				3A1122E9287EE4B700E12D19 /* Assets.xcassets */,
				3A1122EE287EE4B700E12D19 /* Persistence.swift */,
				3A1122F0287EE4B700E12D19 /* MultipeerTutorial.xcdatamodeld */,
				3A1122EB287EE4B700E12D19 /* Preview Content */,
			);
			path = MultipeerTutorial;
			sourceTree = "<group>";
		};
		3A1122EB287EE4B700E12D19 /* Preview Content */ = {
			isa = PBXGroup;
			children = (
				3A1122EC287EE4B700E12D19 /* Preview Assets.xcassets */,
			);
			path = "Preview Content";
			sourceTree = "<group>";
		};
		3AF72D4D28806D2200D1F773 /* Model */ = {
			isa = PBXGroup;
			children = (
				3AF72D452880425800D1F773 /* Constants.swift */,
				3AB219AF287EFF9E00945A02 /* SessionObserver.swift */,
				3AF72D47288042B800D1F773 /* SessionOpener.swift */,
				3AF72D49288042BE00D1F773 /* SessionListener.swift */,
			);
			path = Model;
			sourceTree = "<group>";
		};
		3AF72D4E28806D4B00D1F773 /* View */ = {
			isa = PBXGroup;
			children = (
				3AF72D4B288050DF00D1F773 /* ListView.swift */,
				3AF72D432880424400D1F773 /* ListenerView.swift */,
				3AF72D412880423900D1F773 /* PresenterView.swift */,
				3A1122E7287EE4B600E12D19 /* ContentView.swift */,
			);
			path = View;
			sourceTree = "<group>";
		};
/* End PBXGroup section */

/* Begin PBXNativeTarget section */
		3A1122E1287EE4B600E12D19 /* MultipeerTutorial */ = {
			isa = PBXNativeTarget;
			buildConfigurationList = 3A1122F5287EE4B700E12D19 /* Build configuration list for PBXNativeTarget "MultipeerTutorial" */;
			buildPhases = (
				3A1122DE287EE4B600E12D19 /* Sources */,
				3A1122DF287EE4B600E12D19 /* Frameworks */,
				3A1122E0287EE4B600E12D19 /* Resources */,
			);
			buildRules = (
			);
			dependencies = (
			);
			name = MultipeerTutorial;
			productName = MultipeerTutorial;
			productReference = 3A1122E2287EE4B600E12D19 /* MultipeerTutorial.app */;
			productType = "com.apple.product-type.application";
		};
/* End PBXNativeTarget section */

/* Begin PBXProject section */
		3A1122DA287EE4B600E12D19 /* Project object */ = {
			isa = PBXProject;
			attributes = {
				BuildIndependentTargetsInParallel = 1;
				LastSwiftUpdateCheck = 1340;
				LastUpgradeCheck = 1340;
				TargetAttributes = {
					3A1122E1287EE4B600E12D19 = {
						CreatedOnToolsVersion = 13.4.1;
					};
				};
			};
			buildConfigurationList = 3A1122DD287EE4B600E12D19 /* Build configuration list for PBXProject "MultipeerTutorial" */;
			compatibilityVersion = "Xcode 13.0";
			developmentRegion = en;
			hasScannedForEncodings = 0;
			knownRegions = (
				en,
				Base,
			);
			mainGroup = 3A1122D9287EE4B600E12D19;
			productRefGroup = 3A1122E3287EE4B600E12D19 /* Products */;
			projectDirPath = "";
			projectRoot = "";
			targets = (
				3A1122E1287EE4B600E12D19 /* MultipeerTutorial */,
			);
		};
/* End PBXProject section */

/* Begin PBXResourcesBuildPhase section */
		3A1122E0287EE4B600E12D19 /* Resources */ = {
			isa = PBXResourcesBuildPhase;
			buildActionMask = 2147483647;
			files = (
				3A1122ED287EE4B700E12D19 /* Preview Assets.xcassets in Resources */,
				3A1122EA287EE4B700E12D19 /* Assets.xcassets in Resources */,
			);
			runOnlyForDeploymentPostprocessing = 0;
		};
/* End PBXResourcesBuildPhase section */

/* Begin PBXSourcesBuildPhase section */
		3A1122DE287EE4B600E12D19 /* Sources */ = {
			isa = PBXSourcesBuildPhase;
			buildActionMask = 2147483647;
			files = (
				3A1122EF287EE4B700E12D19 /* Persistence.swift in Sources */,
				3AF72D48288042B800D1F773 /* SessionOpener.swift in Sources */,
				3AF72D442880424400D1F773 /* ListenerView.swift in Sources */,
				3AF72D422880423900D1F773 /* PresenterView.swift in Sources */,
				3AB219B0287EFF9E00945A02 /* SessionObserver.swift in Sources */,
				3A1122F2287EE4B700E12D19 /* MultipeerTutorial.xcdatamodeld in Sources */,
				3A1122E8287EE4B600E12D19 /* ContentView.swift in Sources */,
				3A1122E6287EE4B600E12D19 /* MultipeerTutorialApp.swift in Sources */,
				3AF72D4C288050DF00D1F773 /* ListView.swift in Sources */,
				3AF72D4A288042BE00D1F773 /* SessionListener.swift in Sources */,
				3AF72D462880425800D1F773 /* Constants.swift in Sources */,
			);
			runOnlyForDeploymentPostprocessing = 0;
		};
/* End PBXSourcesBuildPhase section */

/* Begin XCBuildConfiguration section */
		3A1122F3287EE4B700E12D19 /* Debug */ = {
			isa = XCBuildConfiguration;
			buildSettings = {
				ALWAYS_SEARCH_USER_PATHS = NO;
				CLANG_ANALYZER_NONNULL = YES;
				CLANG_ANALYZER_NUMBER_OBJECT_CONVERSION = YES_AGGRESSIVE;
				CLANG_CXX_LANGUAGE_STANDARD = "gnu++17";
				CLANG_ENABLE_MODULES = YES;
				CLANG_ENABLE_OBJC_ARC = YES;
				CLANG_ENABLE_OBJC_WEAK = YES;
				CLANG_WARN_BLOCK_CAPTURE_AUTORELEASING = YES;
				CLANG_WARN_BOOL_CONVERSION = YES;
				CLANG_WARN_COMMA = YES;
				CLANG_WARN_CONSTANT_CONVERSION = YES;
				CLANG_WARN_DEPRECATED_OBJC_IMPLEMENTATIONS = YES;
				CLANG_WARN_DIRECT_OBJC_ISA_USAGE = YES_ERROR;
				CLANG_WARN_DOCUMENTATION_COMMENTS = YES;
				CLANG_WARN_EMPTY_BODY = YES;
				CLANG_WARN_ENUM_CONVERSION = YES;
				CLANG_WARN_INFINITE_RECURSION = YES;
				CLANG_WARN_INT_CONVERSION = YES;
				CLANG_WARN_NON_LITERAL_NULL_CONVERSION = YES;
				CLANG_WARN_OBJC_IMPLICIT_RETAIN_SELF = YES;
				CLANG_WARN_OBJC_LITERAL_CONVERSION = YES;
				CLANG_WARN_OBJC_ROOT_CLASS = YES_ERROR;
				CLANG_WARN_QUOTED_INCLUDE_IN_FRAMEWORK_HEADER = YES;
				CLANG_WARN_RANGE_LOOP_ANALYSIS = YES;
				CLANG_WARN_STRICT_PROTOTYPES = YES;
				CLANG_WARN_SUSPICIOUS_MOVE = YES;
				CLANG_WARN_UNGUARDED_AVAILABILITY = YES_AGGRESSIVE;
				CLANG_WARN_UNREACHABLE_CODE = YES;
				CLANG_WARN__DUPLICATE_METHOD_MATCH = YES;
				COPY_PHASE_STRIP = NO;
				DEBUG_INFORMATION_FORMAT = dwarf;
				ENABLE_STRICT_OBJC_MSGSEND = YES;
				ENABLE_TESTABILITY = YES;
				GCC_C_LANGUAGE_STANDARD = gnu11;
				GCC_DYNAMIC_NO_PIC = NO;
				GCC_NO_COMMON_BLOCKS = YES;
				GCC_OPTIMIZATION_LEVEL = 0;
				GCC_PREPROCESSOR_DEFINITIONS = (
					"DEBUG=1",
					"$(inherited)",
				);
				GCC_WARN_64_TO_32_BIT_CONVERSION = YES;
				GCC_WARN_ABOUT_RETURN_TYPE = YES_ERROR;
				GCC_WARN_UNDECLARED_SELECTOR = YES;
				GCC_WARN_UNINITIALIZED_AUTOS = YES_AGGRESSIVE;
				GCC_WARN_UNUSED_FUNCTION = YES;
				GCC_WARN_UNUSED_VARIABLE = YES;
				IPHONEOS_DEPLOYMENT_TARGET = 15.5;
				MTL_ENABLE_DEBUG_INFO = INCLUDE_SOURCE;
				MTL_FAST_MATH = YES;
				ONLY_ACTIVE_ARCH = YES;
				SDKROOT = iphoneos;
				SWIFT_ACTIVE_COMPILATION_CONDITIONS = DEBUG;
				SWIFT_OPTIMIZATION_LEVEL = "-Onone";
			};
			name = Debug;
		};
		3A1122F4287EE4B700E12D19 /* Release */ = {
			isa = XCBuildConfiguration;
			buildSettings = {
				ALWAYS_SEARCH_USER_PATHS = NO;
				CLANG_ANALYZER_NONNULL = YES;
				CLANG_ANALYZER_NUMBER_OBJECT_CONVERSION = YES_AGGRESSIVE;
				CLANG_CXX_LANGUAGE_STANDARD = "gnu++17";
				CLANG_ENABLE_MODULES = YES;
				CLANG_ENABLE_OBJC_ARC = YES;
				CLANG_ENABLE_OBJC_WEAK = YES;
				CLANG_WARN_BLOCK_CAPTURE_AUTORELEASING = YES;
				CLANG_WARN_BOOL_CONVERSION = YES;
				CLANG_WARN_COMMA = YES;
				CLANG_WARN_CONSTANT_CONVERSION = YES;
				CLANG_WARN_DEPRECATED_OBJC_IMPLEMENTATIONS = YES;
				CLANG_WARN_DIRECT_OBJC_ISA_USAGE = YES_ERROR;
				CLANG_WARN_DOCUMENTATION_COMMENTS = YES;
				CLANG_WARN_EMPTY_BODY = YES;
				CLANG_WARN_ENUM_CONVERSION = YES;
				CLANG_WARN_INFINITE_RECURSION = YES;
				CLANG_WARN_INT_CONVERSION = YES;
				CLANG_WARN_NON_LITERAL_NULL_CONVERSION = YES;
				CLANG_WARN_OBJC_IMPLICIT_RETAIN_SELF = YES;
				CLANG_WARN_OBJC_LITERAL_CONVERSION = YES;
				CLANG_WARN_OBJC_ROOT_CLASS = YES_ERROR;
				CLANG_WARN_QUOTED_INCLUDE_IN_FRAMEWORK_HEADER = YES;
				CLANG_WARN_RANGE_LOOP_ANALYSIS = YES;
				CLANG_WARN_STRICT_PROTOTYPES = YES;
				CLANG_WARN_SUSPICIOUS_MOVE = YES;
				CLANG_WARN_UNGUARDED_AVAILABILITY = YES_AGGRESSIVE;
				CLANG_WARN_UNREACHABLE_CODE = YES;
				CLANG_WARN__DUPLICATE_METHOD_MATCH = YES;
				COPY_PHASE_STRIP = NO;
				DEBUG_INFORMATION_FORMAT = "dwarf-with-dsym";
				ENABLE_NS_ASSERTIONS = NO;
				ENABLE_STRICT_OBJC_MSGSEND = YES;
				GCC_C_LANGUAGE_STANDARD = gnu11;
				GCC_NO_COMMON_BLOCKS = YES;
				GCC_WARN_64_TO_32_BIT_CONVERSION = YES;
				GCC_WARN_ABOUT_RETURN_TYPE = YES_ERROR;
				GCC_WARN_UNDECLARED_SELECTOR = YES;
				GCC_WARN_UNINITIALIZED_AUTOS = YES_AGGRESSIVE;
				GCC_WARN_UNUSED_FUNCTION = YES;
				GCC_WARN_UNUSED_VARIABLE = YES;
				IPHONEOS_DEPLOYMENT_TARGET = 15.5;
				MTL_ENABLE_DEBUG_INFO = NO;
				MTL_FAST_MATH = YES;
				SDKROOT = iphoneos;
				SWIFT_COMPILATION_MODE = wholemodule;
				SWIFT_OPTIMIZATION_LEVEL = "-O";
				VALIDATE_PRODUCT = YES;
			};
			name = Release;
		};
		3A1122F6287EE4B700E12D19 /* Debug */ = {
			isa = XCBuildConfiguration;
			buildSettings = {
				ASSETCATALOG_COMPILER_APPICON_NAME = AppIcon;
				ASSETCATALOG_COMPILER_GLOBAL_ACCENT_COLOR_NAME = AccentColor;
				CODE_SIGN_STYLE = Automatic;
				CURRENT_PROJECT_VERSION = 1;
				DEVELOPMENT_ASSET_PATHS = "\"MultipeerTutorial/Preview Content\"";
				DEVELOPMENT_TEAM = UAM52RQFW9;
				ENABLE_PREVIEWS = YES;
				GENERATE_INFOPLIST_FILE = YES;
				INFOPLIST_FILE = MultipeerTutorial/Info.plist;
				INFOPLIST_KEY_UIApplicationSceneManifest_Generation = YES;
				INFOPLIST_KEY_UIApplicationSupportsIndirectInputEvents = YES;
				INFOPLIST_KEY_UILaunchScreen_Generation = YES;
				INFOPLIST_KEY_UISupportedInterfaceOrientations_iPad = "UIInterfaceOrientationPortrait UIInterfaceOrientationPortraitUpsideDown UIInterfaceOrientationLandscapeLeft UIInterfaceOrientationLandscapeRight";
				INFOPLIST_KEY_UISupportedInterfaceOrientations_iPhone = "UIInterfaceOrientationPortrait UIInterfaceOrientationLandscapeLeft UIInterfaceOrientationLandscapeRight";
				IPHONEOS_DEPLOYMENT_TARGET = 15.0;
				LD_RUNPATH_SEARCH_PATHS = (
					"$(inherited)",
					"@executable_path/Frameworks",
				);
				MARKETING_VERSION = 1.0;
				PRODUCT_BUNDLE_IDENTIFIER = com.jhHwang.MultipeerTutorial;
				PRODUCT_NAME = "$(TARGET_NAME)";
				SWIFT_EMIT_LOC_STRINGS = YES;
				SWIFT_VERSION = 5.0;
				TARGETED_DEVICE_FAMILY = "1,2";
			};
			name = Debug;
		};
		3A1122F7287EE4B700E12D19 /* Release */ = {
			isa = XCBuildConfiguration;
			buildSettings = {
				ASSETCATALOG_COMPILER_APPICON_NAME = AppIcon;
				ASSETCATALOG_COMPILER_GLOBAL_ACCENT_COLOR_NAME = AccentColor;
				CODE_SIGN_STYLE = Automatic;
				CURRENT_PROJECT_VERSION = 1;
				DEVELOPMENT_ASSET_PATHS = "\"MultipeerTutorial/Preview Content\"";
				DEVELOPMENT_TEAM = UAM52RQFW9;
				ENABLE_PREVIEWS = YES;
				GENERATE_INFOPLIST_FILE = YES;
				INFOPLIST_FILE = MultipeerTutorial/Info.plist;
				INFOPLIST_KEY_UIApplicationSceneManifest_Generation = YES;
				INFOPLIST_KEY_UIApplicationSupportsIndirectInputEvents = YES;
				INFOPLIST_KEY_UILaunchScreen_Generation = YES;
				INFOPLIST_KEY_UISupportedInterfaceOrientations_iPad = "UIInterfaceOrientationPortrait UIInterfaceOrientationPortraitUpsideDown UIInterfaceOrientationLandscapeLeft UIInterfaceOrientationLandscapeRight";
				INFOPLIST_KEY_UISupportedInterfaceOrientations_iPhone = "UIInterfaceOrientationPortrait UIInterfaceOrientationLandscapeLeft UIInterfaceOrientationLandscapeRight";
				IPHONEOS_DEPLOYMENT_TARGET = 15.0;
				LD_RUNPATH_SEARCH_PATHS = (
					"$(inherited)",
					"@executable_path/Frameworks",
				);
				MARKETING_VERSION = 1.0;
				PRODUCT_BUNDLE_IDENTIFIER = com.jhHwang.MultipeerTutorial;
				PRODUCT_NAME = "$(TARGET_NAME)";
				SWIFT_EMIT_LOC_STRINGS = YES;
				SWIFT_VERSION = 5.0;
				TARGETED_DEVICE_FAMILY = "1,2";
			};
			name = Release;
		};
/* End XCBuildConfiguration section */

/* Begin XCConfigurationList section */
		3A1122DD287EE4B600E12D19 /* Build configuration list for PBXProject "MultipeerTutorial" */ = {
			isa = XCConfigurationList;
			buildConfigurations = (
				3A1122F3287EE4B700E12D19 /* Debug */,
				3A1122F4287EE4B700E12D19 /* Release */,
			);
			defaultConfigurationIsVisible = 0;
			defaultConfigurationName = Release;
		};
		3A1122F5287EE4B700E12D19 /* Build configuration list for PBXNativeTarget "MultipeerTutorial" */ = {
			isa = XCConfigurationList;
			buildConfigurations = (
				3A1122F6287EE4B700E12D19 /* Debug */,
				3A1122F7287EE4B700E12D19 /* Release */,
			);
			defaultConfigurationIsVisible = 0;
			defaultConfigurationName = Release;
		};
/* End XCConfigurationList section */

/* Begin XCVersionGroup section */
		3A1122F0287EE4B700E12D19 /* MultipeerTutorial.xcdatamodeld */ = {
			isa = XCVersionGroup;
			children = (
				3A1122F1287EE4B700E12D19 /* MultipeerTutorial.xcdatamodel */,
			);
			currentVersion = 3A1122F1287EE4B700E12D19 /* MultipeerTutorial.xcdatamodel */;
			path = MultipeerTutorial.xcdatamodeld;
			sourceTree = "<group>";
			versionGroupType = wrapper.xcdatamodel;
		};
/* End XCVersionGroup section */
	};
	rootObject = 3A1122DA287EE4B600E12D19 /* Project object */;
}
